
Microsoft Visual Studio Solution File, Format Version 12.00
# Visual Studio 15
VisualStudioVersion = 15.0.28307.168
MinimumVisualStudioVersion = 10.0.40219.1
Project("{9A19103F-16F7-4668-BE54-9A1E7A4F7556}") = "Pf", "Pf\Pf.csproj", "{3F2147FF-BACF-40E6-8F4F-27B77ABECD67}"
EndProject
Project("{9A19103F-16F7-4668-BE54-9A1E7A4F7556}") = "DataAccess", "DataAccess\DataAccess.csproj", "{6B59BA9D-C7EB-4FCD-8B18-3FD237D17F38}"
EndProject
Project("{FAE04EC0-301F-11D3-BF4B-00C04F79EFBC}") = "Pf.Library", "Pf.Library\Pf.Library.csproj", "{1CE45F7C-8734-436A-BE27-6088FAF8C97D}"
EndProject
Global
	GlobalSection(SolutionConfigurationPlatforms) = preSolution
		Debug|Any CPU = Debug|Any CPU
		Release|Any CPU = Release|Any CPU
	EndGlobalSection
	GlobalSection(ProjectConfigurationPlatforms) = postSolution
		{3F2147FF-BACF-40E6-8F4F-27B77ABECD67}.Debug|Any CPU.ActiveCfg = Debug|Any CPU
		{3F2147FF-BACF-40E6-8F4F-27B77ABECD67}.Debug|Any CPU.Build.0 = Debug|Any CPU
		{3F2147FF-BACF-40E6-8F4F-27B77ABECD67}.Release|Any CPU.ActiveCfg = Release|Any CPU
		{3F2147FF-BACF-40E6-8F4F-27B77ABECD67}.Release|Any CPU.Build.0 = Release|Any CPU
		{6B59BA9D-C7EB-4FCD-8B18-3FD237D17F38}.Debug|Any CPU.ActiveCfg = Debug|Any CPU
		{6B59BA9D-C7EB-4FCD-8B18-3FD237D17F38}.Debug|Any CPU.Build.0 = Debug|Any CPU
		{6B59BA9D-C7EB-4FCD-8B18-3FD237D17F38}.Release|Any CPU.ActiveCfg = Release|Any CPU
		{6B59BA9D-C7EB-4FCD-8B18-3FD237D17F38}.Release|Any CPU.Build.0 = Release|Any CPU
		{1CE45F7C-8734-436A-BE27-6088FAF8C97D}.Debug|Any CPU.ActiveCfg = Debug|Any CPU
		{1CE45F7C-8734-436A-BE27-6088FAF8C97D}.Debug|Any CPU.Build.0 = Debug|Any CPU
		{1CE45F7C-8734-436A-BE27-6088FAF8C97D}.Release|Any CPU.ActiveCfg = Release|Any CPU
		{1CE45F7C-8734-436A-BE27-6088FAF8C97D}.Release|Any CPU.Build.0 = Release|Any CPU
	EndGlobalSection
	GlobalSection(SolutionProperties) = preSolution
		HideSolutionNode = FALSE
	EndGlobalSection
	GlobalSection(ExtensibilityGlobals) = postSolution
		SolutionGuid = {9508C1E5-FEFB-4750-B1EA-40C98988CE77}
	EndGlobalSection
EndGlobal
